// !$*UTF8*$!
{
	archiveVersion = 1;
	classes = {
	};
	objectVersion = 46;
	objects = {

/* Begin PBXBuildFile section */
		658A248D1E58C1A4008EDCF7 /* GameViewController.swift in Sources */ = {isa = PBXBuildFile; fileRef = 658A248C1E58C1A4008EDCF7 /* GameViewController.swift */; };
		658A248F1E5B8190008EDCF7 /* ImageAsset.swift in Sources */ = {isa = PBXBuildFile; fileRef = 658A248E1E5B8190008EDCF7 /* ImageAsset.swift */; };
		658A24911E5B8512008EDCF7 /* Constants.swift in Sources */ = {isa = PBXBuildFile; fileRef = 658A24901E5B8512008EDCF7 /* Constants.swift */; };
		65AF3E841E58BABE00FB6335 /* AppDelegate.swift in Sources */ = {isa = PBXBuildFile; fileRef = 65AF3E831E58BABE00FB6335 /* AppDelegate.swift */; };
		65AF3E8A1E58BABE00FB6335 /* SpaceScene.swift in Sources */ = {isa = PBXBuildFile; fileRef = 65AF3E891E58BABE00FB6335 /* SpaceScene.swift */; };
		65AF3E8F1E58BABE00FB6335 /* Main.storyboard in Resources */ = {isa = PBXBuildFile; fileRef = 65AF3E8D1E58BABE00FB6335 /* Main.storyboard */; };
		65AF3E911E58BABE00FB6335 /* Assets.xcassets in Resources */ = {isa = PBXBuildFile; fileRef = 65AF3E901E58BABE00FB6335 /* Assets.xcassets */; };
		65AF3E941E58BABE00FB6335 /* LaunchScreen.storyboard in Resources */ = {isa = PBXBuildFile; fileRef = 65AF3E921E58BABE00FB6335 /* LaunchScreen.storyboard */; };
/* End PBXBuildFile section */

/* Begin PBXFileReference section */
		658A248C1E58C1A4008EDCF7 /* GameViewController.swift */ = {isa = PBXFileReference; fileEncoding = 4; lastKnownFileType = sourcecode.swift; path = GameViewController.swift; sourceTree = "<group>"; };
		658A248E1E5B8190008EDCF7 /* ImageAsset.swift */ = {isa = PBXFileReference; fileEncoding = 4; lastKnownFileType = sourcecode.swift; name = ImageAsset.swift; path = SupportingFiles/ImageAsset.swift; sourceTree = "<group>"; };
		658A24901E5B8512008EDCF7 /* Constants.swift */ = {isa = PBXFileReference; fileEncoding = 4; lastKnownFileType = sourcecode.swift; name = Constants.swift; path = SupportingFiles/Constants.swift; sourceTree = "<group>"; };
		65AF3E801E58BABE00FB6335 /* SpaceGame.app */ = {isa = PBXFileReference; explicitFileType = wrapper.application; includeInIndex = 0; path = SpaceGame.app; sourceTree = BUILT_PRODUCTS_DIR; };
		65AF3E831E58BABE00FB6335 /* AppDelegate.swift */ = {isa = PBXFileReference; lastKnownFileType = sourcecode.swift; path = AppDelegate.swift; sourceTree = "<group>"; };
		65AF3E891E58BABE00FB6335 /* SpaceScene.swift */ = {isa = PBXFileReference; lastKnownFileType = sourcecode.swift; path = SpaceScene.swift; sourceTree = "<group>"; };
		65AF3E8E1E58BABE00FB6335 /* Base */ = {isa = PBXFileReference; lastKnownFileType = file.storyboard; name = Base; path = Base.lproj/Main.storyboard; sourceTree = "<group>"; };
		65AF3E901E58BABE00FB6335 /* Assets.xcassets */ = {isa = PBXFileReference; lastKnownFileType = folder.assetcatalog; path = Assets.xcassets; sourceTree = "<group>"; };
		65AF3E931E58BABE00FB6335 /* Base */ = {isa = PBXFileReference; lastKnownFileType = file.storyboard; name = Base; path = Base.lproj/LaunchScreen.storyboard; sourceTree = "<group>"; };
		65AF3E951E58BABE00FB6335 /* Info.plist */ = {isa = PBXFileReference; lastKnownFileType = text.plist.xml; path = Info.plist; sourceTree = "<group>"; };
/* End PBXFileReference section */

/* Begin PBXFrameworksBuildPhase section */
		65AF3E7D1E58BABE00FB6335 /* Frameworks */ = {
			isa = PBXFrameworksBuildPhase;
			buildActionMask = 2147483647;
			files = (
			);
			runOnlyForDeploymentPostprocessing = 0;
		};
/* End PBXFrameworksBuildPhase section */

/* Begin PBXGroup section */
		65AF3E771E58BABE00FB6335 = {
			isa = PBXGroup;
			children = (
				65AF3E821E58BABE00FB6335 /* SpaceGame */,
				65AF3E811E58BABE00FB6335 /* Products */,
			);
			sourceTree = "<group>";
		};
		65AF3E811E58BABE00FB6335 /* Products */ = {
			isa = PBXGroup;
			children = (
				65AF3E801E58BABE00FB6335 /* SpaceGame.app */,
			);
			name = Products;
			sourceTree = "<group>";
		};
		65AF3E821E58BABE00FB6335 /* SpaceGame */ = {
			isa = PBXGroup;
			children = (
				65AF3EA01E58BEB900FB6335 /* Main */,
				65AF3E9B1E58BDDE00FB6335 /* Scenes */,
				65AF3E9C1E58BE9B00FB6335 /* ViewController */,
				65AF3E9D1E58BEA200FB6335 /* Storyboards */,
				65AF3E9E1E58BEAA00FB6335 /* Resources */,
				65AF3E9F1E58BEB200FB6335 /* SupportingFiles */,
			);
			path = SpaceGame;
			sourceTree = "<group>";
		};
		65AF3E9B1E58BDDE00FB6335 /* Scenes */ = {
			isa = PBXGroup;
			children = (
				65AF3E891E58BABE00FB6335 /* SpaceScene.swift */,
			);
			name = Scenes;
			sourceTree = "<group>";
		};
		65AF3E9C1E58BE9B00FB6335 /* ViewController */ = {
			isa = PBXGroup;
			children = (
				658A248C1E58C1A4008EDCF7 /* GameViewController.swift */,
			);
			name = ViewController;
			sourceTree = "<group>";
		};
		65AF3E9D1E58BEA200FB6335 /* Storyboards */ = {
			isa = PBXGroup;
			children = (
				65AF3E8D1E58BABE00FB6335 /* Main.storyboard */,
				65AF3E921E58BABE00FB6335 /* LaunchScreen.storyboard */,
			);
			name = Storyboards;
			sourceTree = "<group>";
		};
		65AF3E9E1E58BEAA00FB6335 /* Resources */ = {
			isa = PBXGroup;
			children = (
				65AF3E901E58BABE00FB6335 /* Assets.xcassets */,
			);
			name = Resources;
			sourceTree = "<group>";
		};
		65AF3E9F1E58BEB200FB6335 /* SupportingFiles */ = {
			isa = PBXGroup;
			children = (
				65AF3E951E58BABE00FB6335 /* Info.plist */,
				658A248E1E5B8190008EDCF7 /* ImageAsset.swift */,
				658A24901E5B8512008EDCF7 /* Constants.swift */,
			);
			name = SupportingFiles;
			sourceTree = "<group>";
		};
		65AF3EA01E58BEB900FB6335 /* Main */ = {
			isa = PBXGroup;
			children = (
				65AF3E831E58BABE00FB6335 /* AppDelegate.swift */,
			);
			name = Main;
			sourceTree = "<group>";
		};
/* End PBXGroup section */

/* Begin PBXNativeTarget section */
		65AF3E7F1E58BABE00FB6335 /* SpaceGame */ = {
			isa = PBXNativeTarget;
			buildConfigurationList = 65AF3E981E58BABE00FB6335 /* Build configuration list for PBXNativeTarget "SpaceGame" */;
			buildPhases = (
				65AF3E7C1E58BABE00FB6335 /* Sources */,
				65AF3E7D1E58BABE00FB6335 /* Frameworks */,
				65AF3E7E1E58BABE00FB6335 /* Resources */,
			);
			buildRules = (
			);
			dependencies = (
			);
			name = SpaceGame;
			productName = SpaceGame;
			productReference = 65AF3E801E58BABE00FB6335 /* SpaceGame.app */;
			productType = "com.apple.product-type.application";
		};
/* End PBXNativeTarget section */

/* Begin PBXProject section */
		65AF3E781E58BABE00FB6335 /* Project object */ = {
			isa = PBXProject;
			attributes = {
				LastSwiftUpdateCheck = 0820;
				LastUpgradeCheck = 0820;
				ORGANIZATIONNAME = "Pete Smith";
				TargetAttributes = {
					65AF3E7F1E58BABE00FB6335 = {
						CreatedOnToolsVersion = 8.2.1;
						DevelopmentTeam = 49CJ89TL4W;
						ProvisioningStyle = Automatic;
					};
				};
			};
			buildConfigurationList = 65AF3E7B1E58BABE00FB6335 /* Build configuration list for PBXProject "SpaceGame" */;
			compatibilityVersion = "Xcode 3.2";
			developmentRegion = English;
			hasScannedForEncodings = 0;
			knownRegions = (
				en,
				Base,
			);
			mainGroup = 65AF3E771E58BABE00FB6335;
			productRefGroup = 65AF3E811E58BABE00FB6335 /* Products */;
			projectDirPath = "";
			projectRoot = "";
			targets = (
				65AF3E7F1E58BABE00FB6335 /* SpaceGame */,
			);
		};
/* End PBXProject section */

/* Begin PBXResourcesBuildPhase section */
		65AF3E7E1E58BABE00FB6335 /* Resources */ = {
			isa = PBXResourcesBuildPhase;
			buildActionMask = 2147483647;
			files = (
				65AF3E8F1E58BABE00FB6335 /* Main.storyboard in Resources */,
				65AF3E911E58BABE00FB6335 /* Assets.xcassets in Resources */,
				65AF3E941E58BABE00FB6335 /* LaunchScreen.storyboard in Resources */,
			);
			runOnlyForDeploymentPostprocessing = 0;
		};
/* End PBXResourcesBuildPhase section */

/* Begin PBXSourcesBuildPhase section */
		65AF3E7C1E58BABE00FB6335 /* Sources */ = {
			isa = PBXSourcesBuildPhase;
			buildActionMask = 2147483647;
			files = (
				658A24911E5B8512008EDCF7 /* Constants.swift in Sources */,
				65AF3E8A1E58BABE00FB6335 /* SpaceScene.swift in Sources */,
				658A248D1E58C1A4008EDCF7 /* GameViewController.swift in Sources */,
				658A248F1E5B8190008EDCF7 /* ImageAsset.swift in Sources */,
				65AF3E841E58BABE00FB6335 /* AppDelegate.swift in Sources */,
			);
			runOnlyForDeploymentPostprocessing = 0;
		};
/* End PBXSourcesBuildPhase section */

/* Begin PBXVariantGroup section */
		65AF3E8D1E58BABE00FB6335 /* Main.storyboard */ = {
			isa = PBXVariantGroup;
			children = (
				65AF3E8E1E58BABE00FB6335 /* Base */,
			);
			name = Main.storyboard;
			sourceTree = "<group>";
		};
		65AF3E921E58BABE00FB6335 /* LaunchScreen.storyboard */ = {
			isa = PBXVariantGroup;
			children = (
				65AF3E931E58BABE00FB6335 /* Base */,
			);
			name = LaunchScreen.storyboard;
			sourceTree = "<group>";
		};
/* End PBXVariantGroup section */

/* Begin XCBuildConfiguration section */
		65AF3E961E58BABE00FB6335 /* Debug */ = {
			isa = XCBuildConfiguration;
			buildSettings = {
				ALWAYS_SEARCH_USER_PATHS = NO;
				CLANG_ANALYZER_NONNULL = YES;
				CLANG_CXX_LANGUAGE_STANDARD = "gnu++0x";
				CLANG_CXX_LIBRARY = "libc++";
				CLANG_ENABLE_MODULES = YES;
				CLANG_ENABLE_OBJC_ARC = YES;
				CLANG_WARN_BOOL_CONVERSION = YES;
				CLANG_WARN_CONSTANT_CONVERSION = YES;
				CLANG_WARN_DIRECT_OBJC_ISA_USAGE = YES_ERROR;
				CLANG_WARN_DOCUMENTATION_COMMENTS = YES;
				CLANG_WARN_EMPTY_BODY = YES;
				CLANG_WARN_ENUM_CONVERSION = YES;
				CLANG_WARN_INFINITE_RECURSION = YES;
				CLANG_WARN_INT_CONVERSION = YES;
				CLANG_WARN_OBJC_ROOT_CLASS = YES_ERROR;
				CLANG_WARN_SUSPICIOUS_MOVE = YES;
				CLANG_WARN_UNREACHABLE_CODE = YES;
				CLANG_WARN__DUPLICATE_METHOD_MATCH = YES;
				"CODE_SIGN_IDENTITY[sdk=iphoneos*]" = "iPhone Developer";
				COPY_PHASE_STRIP = NO;
				DEBUG_INFORMATION_FORMAT = dwarf;
				ENABLE_STRICT_OBJC_MSGSEND = YES;
				ENABLE_TESTABILITY = YES;
				GCC_C_LANGUAGE_STANDARD = gnu99;
				GCC_DYNAMIC_NO_PIC = NO;
				GCC_NO_COMMON_BLOCKS = YES;
				GCC_OPTIMIZATION_LEVEL = 0;
				GCC_PREPROCESSOR_DEFINITIONS = (
					"DEBUG=1",
					"$(inherited)",
				);
				GCC_WARN_64_TO_32_BIT_CONVERSION = YES;
				GCC_WARN_ABOUT_RETURN_TYPE = YES_ERROR;
				GCC_WARN_UNDECLARED_SELECTOR = YES;
				GCC_WARN_UNINITIALIZED_AUTOS = YES_AGGRESSIVE;
				GCC_WARN_UNUSED_FUNCTION = YES;
				GCC_WARN_UNUSED_VARIABLE = YES;
				IPHONEOS_DEPLOYMENT_TARGET = 10.2;
				MTL_ENABLE_DEBUG_INFO = YES;
				ONLY_ACTIVE_ARCH = YES;
				SDKROOT = iphoneos;
				SWIFT_ACTIVE_COMPILATION_CONDITIONS = DEBUG;
				SWIFT_OPTIMIZATION_LEVEL = "-Onone";
			};
			name = Debug;
		};
		65AF3E971E58BABE00FB6335 /* Release */ = {
			isa = XCBuildConfiguration;
			buildSettings = {
				ALWAYS_SEARCH_USER_PATHS = NO;
				CLANG_ANALYZER_NONNULL = YES;
				CLANG_CXX_LANGUAGE_STANDARD = "gnu++0x";
				CLANG_CXX_LIBRARY = "libc++";
				CLANG_ENABLE_MODULES = YES;
				CLANG_ENABLE_OBJC_ARC = YES;
				CLANG_WARN_BOOL_CONVERSION = YES;
				CLANG_WARN_CONSTANT_CONVERSION = YES;
				CLANG_WARN_DIRECT_OBJC_ISA_USAGE = YES_ERROR;
				CLANG_WARN_DOCUMENTATION_COMMENTS = YES;
				CLANG_WARN_EMPTY_BODY = YES;
				CLANG_WARN_ENUM_CONVERSION = YES;
				CLANG_WARN_INFINITE_RECURSION = YES;
				CLANG_WARN_INT_CONVERSION = YES;
				CLANG_WARN_OBJC_ROOT_CLASS = YES_ERROR;
				CLANG_WARN_SUSPICIOUS_MOVE = YES;
				CLANG_WARN_UNREACHABLE_CODE = YES;
				CLANG_WARN__DUPLICATE_METHOD_MATCH = YES;
				"CODE_SIGN_IDENTITY[sdk=iphoneos*]" = "iPhone Developer";
				COPY_PHASE_STRIP = NO;
				DEBUG_INFORMATION_FORMAT = "dwarf-with-dsym";
				ENABLE_NS_ASSERTIONS = NO;
				ENABLE_STRICT_OBJC_MSGSEND = YES;
				GCC_C_LANGUAGE_STANDARD = gnu99;
				GCC_NO_COMMON_BLOCKS = YES;
				GCC_WARN_64_TO_32_BIT_CONVERSION = YES;
				GCC_WARN_ABOUT_RETURN_TYPE = YES_ERROR;
				GCC_WARN_UNDECLARED_SELECTOR = YES;
				GCC_WARN_UNINITIALIZED_AUTOS = YES_AGGRESSIVE;
				GCC_WARN_UNUSED_FUNCTION = YES;
				GCC_WARN_UNUSED_VARIABLE = YES;
				IPHONEOS_DEPLOYMENT_TARGET = 10.2;
				MTL_ENABLE_DEBUG_INFO = NO;
				SDKROOT = iphoneos;
				SWIFT_OPTIMIZATION_LEVEL = "-Owholemodule";
				VALIDATE_PRODUCT = YES;
			};
			name = Release;
		};
		65AF3E991E58BABE00FB6335 /* Debug */ = {
			isa = XCBuildConfiguration;
			buildSettings = {
				ASSETCATALOG_COMPILER_APPICON_NAME = AppIcon;
				DEVELOPMENT_TEAM = 49CJ89TL4W;
				INFOPLIST_FILE = SpaceGame/Info.plist;
				IPHONEOS_DEPLOYMENT_TARGET = 10.2;
				LD_RUNPATH_SEARCH_PATHS = "$(inherited) @executable_path/Frameworks";
				PRODUCT_BUNDLE_IDENTIFIER = com.petesmith.SpaceGame;
				PRODUCT_NAME = "$(TARGET_NAME)";
				SWIFT_VERSION = 3.0;
			};
			name = Debug;
		};
		65AF3E9A1E58BABE00FB6335 /* Release */ = {
			isa = XCBuildConfiguration;
			buildSettings = {
				ASSETCATALOG_COMPILER_APPICON_NAME = AppIcon;
				DEVELOPMENT_TEAM = 49CJ89TL4W;
				INFOPLIST_FILE = SpaceGame/Info.plist;
				IPHONEOS_DEPLOYMENT_TARGET = 10.2;
				LD_RUNPATH_SEARCH_PATHS = "$(inherited) @executable_path/Frameworks";
				PRODUCT_BUNDLE_IDENTIFIER = com.petesmith.SpaceGame;
				PRODUCT_NAME = "$(TARGET_NAME)";
				SWIFT_VERSION = 3.0;
			};
			name = Release;
		};
/* End XCBuildConfiguration section */

/* Begin XCConfigurationList section */
		65AF3E7B1E58BABE00FB6335 /* Build configuration list for PBXProject "SpaceGame" */ = {
			isa = XCConfigurationList;
			buildConfigurations = (
				65AF3E961E58BABE00FB6335 /* Debug */,
				65AF3E971E58BABE00FB6335 /* Release */,
			);
			defaultConfigurationIsVisible = 0;
			defaultConfigurationName = Release;
		};
		65AF3E981E58BABE00FB6335 /* Build configuration list for PBXNativeTarget "SpaceGame" */ = {
			isa = XCConfigurationList;
			buildConfigurations = (
				65AF3E991E58BABE00FB6335 /* Debug */,
				65AF3E9A1E58BABE00FB6335 /* Release */,
			);
			defaultConfigurationIsVisible = 0;
			defaultConfigurationName = Release;
		};
/* End XCConfigurationList section */
	};
	rootObject = 65AF3E781E58BABE00FB6335 /* Project object */;
}
